
Microsoft Visual Studio Solution File, Format Version 12.00
# Visual Studio Version 17
VisualStudioVersion = 17.10.35004.147
MinimumVisualStudioVersion = 10.0.40219.1
Project("{8BC9CEB8-8B4A-11D0-8D11-00A0C91BC942}") = "MMOTCPFighterServer", "MMOTCPFighterServer\MMOTCPFighterServer.vcxproj", "{E3E1D1D7-57DF-4338-96D8-EAE4525A6D27}"
EndProject
Global
	GlobalSection(SolutionConfigurationPlatforms) = preSolution
		Debug|x64 = Debug|x64
		Debug|x86 = Debug|x86
		Release|x64 = Release|x64
		Release|x86 = Release|x86
	EndGlobalSection
	GlobalSection(ProjectConfigurationPlatforms) = postSolution
		{E3E1D1D7-57DF-4338-96D8-EAE4525A6D27}.Debug|x64.ActiveCfg = Debug|x64
		{E3E1D1D7-57DF-4338-96D8-EAE4525A6D27}.Debug|x64.Build.0 = Debug|x64
		{E3E1D1D7-57DF-4338-96D8-EAE4525A6D27}.Debug|x86.ActiveCfg = Debug|Win32
		{E3E1D1D7-57DF-4338-96D8-EAE4525A6D27}.Debug|x86.Build.0 = Debug|Win32
		{E3E1D1D7-57DF-4338-96D8-EAE4525A6D27}.Release|x64.ActiveCfg = Release|x64
		{E3E1D1D7-57DF-4338-96D8-EAE4525A6D27}.Release|x64.Build.0 = Release|x64
		{E3E1D1D7-57DF-4338-96D8-EAE4525A6D27}.Release|x86.ActiveCfg = Release|Win32
		{E3E1D1D7-57DF-4338-96D8-EAE4525A6D27}.Release|x86.Build.0 = Release|Win32
	EndGlobalSection
	GlobalSection(SolutionProperties) = preSolution
		HideSolutionNode = FALSE
	EndGlobalSection
	GlobalSection(ExtensibilityGlobals) = postSolution
		SolutionGuid = {B899236B-C4F5-47F5-A650-1FC8DD9C2507}
	EndGlobalSection
EndGlobal
